
Microsoft Visual Studio Solution File, Format Version 12.00
# Visual Studio Version 17
VisualStudioVersion = 17.8.34316.72
MinimumVisualStudioVersion = 10.0.40219.1
Project("{9A19103F-16F7-4668-BE54-9A1E7A4F7556}") = "WebChat", "WebChat\WebChat.csproj", "{D4265EE1-EFD5-4D01-B0AE-97C900C7B0C9}"
EndProject
Global
	GlobalSection(SolutionConfigurationPlatforms) = preSolution
		Debug|Any CPU = Debug|Any CPU
		Release|Any CPU = Release|Any CPU
	EndGlobalSection
	GlobalSection(ProjectConfigurationPlatforms) = postSolution
		{D4265EE1-EFD5-4D01-B0AE-97C900C7B0C9}.Debug|Any CPU.ActiveCfg = Debug|Any CPU
		{D4265EE1-EFD5-4D01-B0AE-97C900C7B0C9}.Debug|Any CPU.Build.0 = Debug|Any CPU
		{D4265EE1-EFD5-4D01-B0AE-97C900C7B0C9}.Release|Any CPU.ActiveCfg = Release|Any CPU
		{D4265EE1-EFD5-4D01-B0AE-97C900C7B0C9}.Release|Any CPU.Build.0 = Release|Any CPU
	EndGlobalSection
	GlobalSection(SolutionProperties) = preSolution
		HideSolutionNode = FALSE
	EndGlobalSection
	GlobalSection(ExtensibilityGlobals) = postSolution
		SolutionGuid = {11E123C1-175E-4EEF-967E-750CC9588431}
	EndGlobalSection
EndGlobal
